
Microsoft Visual Studio Solution File, Format Version 12.00
# Visual Studio 15
VisualStudioVersion = 15.0.28307.1231
MinimumVisualStudioVersion = 10.0.40219.1
Project("{FAE04EC0-301F-11D3-BF4B-00C04F79EFBC}") = "WebDAVSharp.Server", "WebDAVSharp.Server\WebDAVSharp.Server.csproj", "{BE8A04DD-C704-40B2-8AD2-3655B429FAE1}"
EndProject
Project("{FAE04EC0-301F-11D3-BF4B-00C04F79EFBC}") = "WebDAVSharp.Server.Commandline", "WebDAVSharp.Server.Commandline\WebDAVSharp.Server.Commandline.csproj", "{7A312385-A2F0-4C71-9B7D-A22AB0AA7A00}"
EndProject
Global
	GlobalSection(SolutionConfigurationPlatforms) = preSolution
		Debug|Any CPU = Debug|Any CPU
		Release|Any CPU = Release|Any CPU
		ReleaseBinaries|Any CPU = ReleaseBinaries|Any CPU
	EndGlobalSection
	GlobalSection(ProjectConfigurationPlatforms) = postSolution
		{BE8A04DD-C704-40B2-8AD2-3655B429FAE1}.Debug|Any CPU.ActiveCfg = Debug|Any CPU
		{BE8A04DD-C704-40B2-8AD2-3655B429FAE1}.Debug|Any CPU.Build.0 = Debug|Any CPU
		{BE8A04DD-C704-40B2-8AD2-3655B429FAE1}.Release|Any CPU.ActiveCfg = Release|Any CPU
		{BE8A04DD-C704-40B2-8AD2-3655B429FAE1}.Release|Any CPU.Build.0 = Release|Any CPU
		{BE8A04DD-C704-40B2-8AD2-3655B429FAE1}.ReleaseBinaries|Any CPU.ActiveCfg = ReleaseBinaries|Any CPU
		{BE8A04DD-C704-40B2-8AD2-3655B429FAE1}.ReleaseBinaries|Any CPU.Build.0 = ReleaseBinaries|Any CPU
		{7A312385-A2F0-4C71-9B7D-A22AB0AA7A00}.Debug|Any CPU.ActiveCfg = Debug|Any CPU
		{7A312385-A2F0-4C71-9B7D-A22AB0AA7A00}.Debug|Any CPU.Build.0 = Debug|Any CPU
		{7A312385-A2F0-4C71-9B7D-A22AB0AA7A00}.Release|Any CPU.ActiveCfg = Release|Any CPU
		{7A312385-A2F0-4C71-9B7D-A22AB0AA7A00}.Release|Any CPU.Build.0 = Release|Any CPU
		{7A312385-A2F0-4C71-9B7D-A22AB0AA7A00}.ReleaseBinaries|Any CPU.ActiveCfg = Release|Any CPU
		{7A312385-A2F0-4C71-9B7D-A22AB0AA7A00}.ReleaseBinaries|Any CPU.Build.0 = Release|Any CPU
	EndGlobalSection
	GlobalSection(SolutionProperties) = preSolution
		HideSolutionNode = FALSE
	EndGlobalSection
	GlobalSection(ExtensibilityGlobals) = postSolution
		SolutionGuid = {1AF4523A-69A5-4302-B764-10C2C6ECE0C1}
	EndGlobalSection
EndGlobal
